// !$*UTF8*$!
{
	archiveVersion = 1;
	classes = {
	};
	objectVersion = 50;
	objects = {

/* Begin PBXBuildFile section */
		3E5994B92600A032007DED7B /* NetworkManager.swift in Sources */ = {isa = PBXBuildFile; fileRef = 3E5994B82600A032007DED7B /* NetworkManager.swift */; };
		3E5994BE2600A130007DED7B /* PostData.swift in Sources */ = {isa = PBXBuildFile; fileRef = 3E5994BD2600A130007DED7B /* PostData.swift */; };
		3E5994C726015C32007DED7B /* DetailView.swift in Sources */ = {isa = PBXBuildFile; fileRef = 3E5994C626015C32007DED7B /* DetailView.swift */; };
		3E5994CC26016553007DED7B /* WebView.swift in Sources */ = {isa = PBXBuildFile; fileRef = 3E5994CB26016553007DED7B /* WebView.swift */; };
		3E672B83260099D700A42219 /* Hacker_NewsApp.swift in Sources */ = {isa = PBXBuildFile; fileRef = 3E672B82260099D700A42219 /* Hacker_NewsApp.swift */; };
		3E672B85260099D700A42219 /* ContentView.swift in Sources */ = {isa = PBXBuildFile; fileRef = 3E672B84260099D700A42219 /* ContentView.swift */; };
		3E672B87260099DB00A42219 /* Assets.xcassets in Resources */ = {isa = PBXBuildFile; fileRef = 3E672B86260099DB00A42219 /* Assets.xcassets */; };
		3E672B8A260099DB00A42219 /* Preview Assets.xcassets in Resources */ = {isa = PBXBuildFile; fileRef = 3E672B89260099DB00A42219 /* Preview Assets.xcassets */; };
		3E672B95260099DB00A42219 /* Hacker_NewsTests.swift in Sources */ = {isa = PBXBuildFile; fileRef = 3E672B94260099DB00A42219 /* Hacker_NewsTests.swift */; };
		3E672BA0260099DB00A42219 /* Hacker_NewsUITests.swift in Sources */ = {isa = PBXBuildFile; fileRef = 3E672B9F260099DB00A42219 /* Hacker_NewsUITests.swift */; };
/* End PBXBuildFile section */

/* Begin PBXContainerItemProxy section */
		3E672B91260099DB00A42219 /* PBXContainerItemProxy */ = {
			isa = PBXContainerItemProxy;
			containerPortal = 3E672B77260099D700A42219 /* Project object */;
			proxyType = 1;
			remoteGlobalIDString = 3E672B7E260099D700A42219;
			remoteInfo = "Hacker News";
		};
		3E672B9C260099DB00A42219 /* PBXContainerItemProxy */ = {
			isa = PBXContainerItemProxy;
			containerPortal = 3E672B77260099D700A42219 /* Project object */;
			proxyType = 1;
			remoteGlobalIDString = 3E672B7E260099D700A42219;
			remoteInfo = "Hacker News";
		};
/* End PBXContainerItemProxy section */

/* Begin PBXFileReference section */
		3E5994B82600A032007DED7B /* NetworkManager.swift */ = {isa = PBXFileReference; lastKnownFileType = sourcecode.swift; path = NetworkManager.swift; sourceTree = "<group>"; };
		3E5994BD2600A130007DED7B /* PostData.swift */ = {isa = PBXFileReference; lastKnownFileType = sourcecode.swift; path = PostData.swift; sourceTree = "<group>"; };
		3E5994C626015C32007DED7B /* DetailView.swift */ = {isa = PBXFileReference; lastKnownFileType = sourcecode.swift; path = DetailView.swift; sourceTree = "<group>"; };
		3E5994CB26016553007DED7B /* WebView.swift */ = {isa = PBXFileReference; lastKnownFileType = sourcecode.swift; path = WebView.swift; sourceTree = "<group>"; };
		3E5994D0260166FF007DED7B /* Hacker News.entitlements */ = {isa = PBXFileReference; lastKnownFileType = text.plist.entitlements; path = "Hacker News.entitlements"; sourceTree = "<group>"; };
		3E672B7F260099D700A42219 /* Hacker News.app */ = {isa = PBXFileReference; explicitFileType = wrapper.application; includeInIndex = 0; path = "Hacker News.app"; sourceTree = BUILT_PRODUCTS_DIR; };
		3E672B82260099D700A42219 /* Hacker_NewsApp.swift */ = {isa = PBXFileReference; lastKnownFileType = sourcecode.swift; path = Hacker_NewsApp.swift; sourceTree = "<group>"; };
		3E672B84260099D700A42219 /* ContentView.swift */ = {isa = PBXFileReference; lastKnownFileType = sourcecode.swift; path = ContentView.swift; sourceTree = "<group>"; };
		3E672B86260099DB00A42219 /* Assets.xcassets */ = {isa = PBXFileReference; lastKnownFileType = folder.assetcatalog; path = Assets.xcassets; sourceTree = "<group>"; };
		3E672B89260099DB00A42219 /* Preview Assets.xcassets */ = {isa = PBXFileReference; lastKnownFileType = folder.assetcatalog; path = "Preview Assets.xcassets"; sourceTree = "<group>"; };
		3E672B8B260099DB00A42219 /* Info.plist */ = {isa = PBXFileReference; lastKnownFileType = text.plist.xml; path = Info.plist; sourceTree = "<group>"; };
		3E672B90260099DB00A42219 /* Hacker NewsTests.xctest */ = {isa = PBXFileReference; explicitFileType = wrapper.cfbundle; includeInIndex = 0; path = "Hacker NewsTests.xctest"; sourceTree = BUILT_PRODUCTS_DIR; };
		3E672B94260099DB00A42219 /* Hacker_NewsTests.swift */ = {isa = PBXFileReference; lastKnownFileType = sourcecode.swift; path = Hacker_NewsTests.swift; sourceTree = "<group>"; };
		3E672B96260099DB00A42219 /* Info.plist */ = {isa = PBXFileReference; lastKnownFileType = text.plist.xml; path = Info.plist; sourceTree = "<group>"; };
		3E672B9B260099DB00A42219 /* Hacker NewsUITests.xctest */ = {isa = PBXFileReference; explicitFileType = wrapper.cfbundle; includeInIndex = 0; path = "Hacker NewsUITests.xctest"; sourceTree = BUILT_PRODUCTS_DIR; };
		3E672B9F260099DB00A42219 /* Hacker_NewsUITests.swift */ = {isa = PBXFileReference; lastKnownFileType = sourcecode.swift; path = Hacker_NewsUITests.swift; sourceTree = "<group>"; };
		3E672BA1260099DB00A42219 /* Info.plist */ = {isa = PBXFileReference; lastKnownFileType = text.plist.xml; path = Info.plist; sourceTree = "<group>"; };
/* End PBXFileReference section */

/* Begin PBXFrameworksBuildPhase section */
		3E672B7C260099D700A42219 /* Frameworks */ = {
			isa = PBXFrameworksBuildPhase;
			buildActionMask = 2147483647;
			files = (
			);
			runOnlyForDeploymentPostprocessing = 0;
		};
		3E672B8D260099DB00A42219 /* Frameworks */ = {
			isa = PBXFrameworksBuildPhase;
			buildActionMask = 2147483647;
			files = (
			);
			runOnlyForDeploymentPostprocessing = 0;
		};
		3E672B98260099DB00A42219 /* Frameworks */ = {
			isa = PBXFrameworksBuildPhase;
			buildActionMask = 2147483647;
			files = (
			);
			runOnlyForDeploymentPostprocessing = 0;
		};
/* End PBXFrameworksBuildPhase section */

/* Begin PBXGroup section */
		3E5994B72600A024007DED7B /* Models */ = {
			isa = PBXGroup;
			children = (
				3E5994B82600A032007DED7B /* NetworkManager.swift */,
				3E5994BD2600A130007DED7B /* PostData.swift */,
			);
			path = Models;
			sourceTree = "<group>";
		};
		3E5994C226015C23007DED7B /* Views */ = {
			isa = PBXGroup;
			children = (
				3E672B84260099D700A42219 /* ContentView.swift */,
				3E5994C626015C32007DED7B /* DetailView.swift */,
				3E5994CB26016553007DED7B /* WebView.swift */,
			);
			path = Views;
			sourceTree = "<group>";
		};
		3E672B76260099D700A42219 = {
			isa = PBXGroup;
			children = (
				3E672B81260099D700A42219 /* Hacker News */,
				3E672B93260099DB00A42219 /* Hacker NewsTests */,
				3E672B9E260099DB00A42219 /* Hacker NewsUITests */,
				3E672B80260099D700A42219 /* Products */,
			);
			sourceTree = "<group>";
		};
		3E672B80260099D700A42219 /* Products */ = {
			isa = PBXGroup;
			children = (
				3E672B7F260099D700A42219 /* Hacker News.app */,
				3E672B90260099DB00A42219 /* Hacker NewsTests.xctest */,
				3E672B9B260099DB00A42219 /* Hacker NewsUITests.xctest */,
			);
			name = Products;
			sourceTree = "<group>";
		};
		3E672B81260099D700A42219 /* Hacker News */ = {
			isa = PBXGroup;
			children = (
				3E5994D0260166FF007DED7B /* Hacker News.entitlements */,
				3E672B82260099D700A42219 /* Hacker_NewsApp.swift */,
				3E5994C226015C23007DED7B /* Views */,
				3E5994B72600A024007DED7B /* Models */,
				3E672B86260099DB00A42219 /* Assets.xcassets */,
				3E672B8B260099DB00A42219 /* Info.plist */,
				3E672B88260099DB00A42219 /* Preview Content */,
			);
			path = "Hacker News";
			sourceTree = "<group>";
		};
		3E672B88260099DB00A42219 /* Preview Content */ = {
			isa = PBXGroup;
			children = (
				3E672B89260099DB00A42219 /* Preview Assets.xcassets */,
			);
			path = "Preview Content";
			sourceTree = "<group>";
		};
		3E672B93260099DB00A42219 /* Hacker NewsTests */ = {
			isa = PBXGroup;
			children = (
				3E672B94260099DB00A42219 /* Hacker_NewsTests.swift */,
				3E672B96260099DB00A42219 /* Info.plist */,
			);
			path = "Hacker NewsTests";
			sourceTree = "<group>";
		};
		3E672B9E260099DB00A42219 /* Hacker NewsUITests */ = {
			isa = PBXGroup;
			children = (
				3E672B9F260099DB00A42219 /* Hacker_NewsUITests.swift */,
				3E672BA1260099DB00A42219 /* Info.plist */,
			);
			path = "Hacker NewsUITests";
			sourceTree = "<group>";
		};
/* End PBXGroup section */

/* Begin PBXNativeTarget section */
		3E672B7E260099D700A42219 /* Hacker News */ = {
			isa = PBXNativeTarget;
			buildConfigurationList = 3E672BA4260099DB00A42219 /* Build configuration list for PBXNativeTarget "Hacker News" */;
			buildPhases = (
				3E672B7B260099D700A42219 /* Sources */,
				3E672B7C260099D700A42219 /* Frameworks */,
				3E672B7D260099D700A42219 /* Resources */,
			);
			buildRules = (
			);
			dependencies = (
			);
			name = "Hacker News";
			productName = "Hacker News";
			productReference = 3E672B7F260099D700A42219 /* Hacker News.app */;
			productType = "com.apple.product-type.application";
		};
		3E672B8F260099DB00A42219 /* Hacker NewsTests */ = {
			isa = PBXNativeTarget;
			buildConfigurationList = 3E672BA7260099DB00A42219 /* Build configuration list for PBXNativeTarget "Hacker NewsTests" */;
			buildPhases = (
				3E672B8C260099DB00A42219 /* Sources */,
				3E672B8D260099DB00A42219 /* Frameworks */,
				3E672B8E260099DB00A42219 /* Resources */,
			);
			buildRules = (
			);
			dependencies = (
				3E672B92260099DB00A42219 /* PBXTargetDependency */,
			);
			name = "Hacker NewsTests";
			productName = "Hacker NewsTests";
			productReference = 3E672B90260099DB00A42219 /* Hacker NewsTests.xctest */;
			productType = "com.apple.product-type.bundle.unit-test";
		};
		3E672B9A260099DB00A42219 /* Hacker NewsUITests */ = {
			isa = PBXNativeTarget;
			buildConfigurationList = 3E672BAA260099DB00A42219 /* Build configuration list for PBXNativeTarget "Hacker NewsUITests" */;
			buildPhases = (
				3E672B97260099DB00A42219 /* Sources */,
				3E672B98260099DB00A42219 /* Frameworks */,
				3E672B99260099DB00A42219 /* Resources */,
			);
			buildRules = (
			);
			dependencies = (
				3E672B9D260099DB00A42219 /* PBXTargetDependency */,
			);
			name = "Hacker NewsUITests";
			productName = "Hacker NewsUITests";
			productReference = 3E672B9B260099DB00A42219 /* Hacker NewsUITests.xctest */;
			productType = "com.apple.product-type.bundle.ui-testing";
		};
/* End PBXNativeTarget section */

/* Begin PBXProject section */
		3E672B77260099D700A42219 /* Project object */ = {
			isa = PBXProject;
			attributes = {
				LastSwiftUpdateCheck = 1240;
				LastUpgradeCheck = 1240;
				TargetAttributes = {
					3E672B7E260099D700A42219 = {
						CreatedOnToolsVersion = 12.4;
					};
					3E672B8F260099DB00A42219 = {
						CreatedOnToolsVersion = 12.4;
						TestTargetID = 3E672B7E260099D700A42219;
					};
					3E672B9A260099DB00A42219 = {
						CreatedOnToolsVersion = 12.4;
						TestTargetID = 3E672B7E260099D700A42219;
					};
				};
			};
			buildConfigurationList = 3E672B7A260099D700A42219 /* Build configuration list for PBXProject "Hacker News" */;
			compatibilityVersion = "Xcode 9.3";
			developmentRegion = en;
			hasScannedForEncodings = 0;
			knownRegions = (
				en,
				Base,
			);
			mainGroup = 3E672B76260099D700A42219;
			productRefGroup = 3E672B80260099D700A42219 /* Products */;
			projectDirPath = "";
			projectRoot = "";
			targets = (
				3E672B7E260099D700A42219 /* Hacker News */,
				3E672B8F260099DB00A42219 /* Hacker NewsTests */,
				3E672B9A260099DB00A42219 /* Hacker NewsUITests */,
			);
		};
/* End PBXProject section */

/* Begin PBXResourcesBuildPhase section */
		3E672B7D260099D700A42219 /* Resources */ = {
			isa = PBXResourcesBuildPhase;
			buildActionMask = 2147483647;
			files = (
				3E672B8A260099DB00A42219 /* Preview Assets.xcassets in Resources */,
				3E672B87260099DB00A42219 /* Assets.xcassets in Resources */,
			);
			runOnlyForDeploymentPostprocessing = 0;
		};
		3E672B8E260099DB00A42219 /* Resources */ = {
			isa = PBXResourcesBuildPhase;
			buildActionMask = 2147483647;
			files = (
			);
			runOnlyForDeploymentPostprocessing = 0;
		};
		3E672B99260099DB00A42219 /* Resources */ = {
			isa = PBXResourcesBuildPhase;
			buildActionMask = 2147483647;
			files = (
			);
			runOnlyForDeploymentPostprocessing = 0;
		};
/* End PBXResourcesBuildPhase section */

/* Begin PBXSourcesBuildPhase section */
		3E672B7B260099D700A42219 /* Sources */ = {
			isa = PBXSourcesBuildPhase;
			buildActionMask = 2147483647;
			files = (
				3E5994B92600A032007DED7B /* NetworkManager.swift in Sources */,
				3E5994BE2600A130007DED7B /* PostData.swift in Sources */,
				3E672B85260099D700A42219 /* ContentView.swift in Sources */,
				3E5994CC26016553007DED7B /* WebView.swift in Sources */,
				3E5994C726015C32007DED7B /* DetailView.swift in Sources */,
				3E672B83260099D700A42219 /* Hacker_NewsApp.swift in Sources */,
			);
			runOnlyForDeploymentPostprocessing = 0;
		};
		3E672B8C260099DB00A42219 /* Sources */ = {
			isa = PBXSourcesBuildPhase;
			buildActionMask = 2147483647;
			files = (
				3E672B95260099DB00A42219 /* Hacker_NewsTests.swift in Sources */,
			);
			runOnlyForDeploymentPostprocessing = 0;
		};
		3E672B97260099DB00A42219 /* Sources */ = {
			isa = PBXSourcesBuildPhase;
			buildActionMask = 2147483647;
			files = (
				3E672BA0260099DB00A42219 /* Hacker_NewsUITests.swift in Sources */,
			);
			runOnlyForDeploymentPostprocessing = 0;
		};
/* End PBXSourcesBuildPhase section */

/* Begin PBXTargetDependency section */
		3E672B92260099DB00A42219 /* PBXTargetDependency */ = {
			isa = PBXTargetDependency;
			target = 3E672B7E260099D700A42219 /* Hacker News */;
			targetProxy = 3E672B91260099DB00A42219 /* PBXContainerItemProxy */;
		};
		3E672B9D260099DB00A42219 /* PBXTargetDependency */ = {
			isa = PBXTargetDependency;
			target = 3E672B7E260099D700A42219 /* Hacker News */;
			targetProxy = 3E672B9C260099DB00A42219 /* PBXContainerItemProxy */;
		};
/* End PBXTargetDependency section */

/* Begin XCBuildConfiguration section */
		3E672BA2260099DB00A42219 /* Debug */ = {
			isa = XCBuildConfiguration;
			buildSettings = {
				ALWAYS_SEARCH_USER_PATHS = NO;
				CLANG_ANALYZER_NONNULL = YES;
				CLANG_ANALYZER_NUMBER_OBJECT_CONVERSION = YES_AGGRESSIVE;
				CLANG_CXX_LANGUAGE_STANDARD = "gnu++14";
				CLANG_CXX_LIBRARY = "libc++";
				CLANG_ENABLE_MODULES = YES;
				CLANG_ENABLE_OBJC_ARC = YES;
				CLANG_ENABLE_OBJC_WEAK = YES;
				CLANG_WARN_BLOCK_CAPTURE_AUTORELEASING = YES;
				CLANG_WARN_BOOL_CONVERSION = YES;
				CLANG_WARN_COMMA = YES;
				CLANG_WARN_CONSTANT_CONVERSION = YES;
				CLANG_WARN_DEPRECATED_OBJC_IMPLEMENTATIONS = YES;
				CLANG_WARN_DIRECT_OBJC_ISA_USAGE = YES_ERROR;
				CLANG_WARN_DOCUMENTATION_COMMENTS = YES;
				CLANG_WARN_EMPTY_BODY = YES;
				CLANG_WARN_ENUM_CONVERSION = YES;
				CLANG_WARN_INFINITE_RECURSION = YES;
				CLANG_WARN_INT_CONVERSION = YES;
				CLANG_WARN_NON_LITERAL_NULL_CONVERSION = YES;
				CLANG_WARN_OBJC_IMPLICIT_RETAIN_SELF = YES;
				CLANG_WARN_OBJC_LITERAL_CONVERSION = YES;
				CLANG_WARN_OBJC_ROOT_CLASS = YES_ERROR;
				CLANG_WARN_QUOTED_INCLUDE_IN_FRAMEWORK_HEADER = YES;
				CLANG_WARN_RANGE_LOOP_ANALYSIS = YES;
				CLANG_WARN_STRICT_PROTOTYPES = YES;
				CLANG_WARN_SUSPICIOUS_MOVE = YES;
				CLANG_WARN_UNGUARDED_AVAILABILITY = YES_AGGRESSIVE;
				CLANG_WARN_UNREACHABLE_CODE = YES;
				CLANG_WARN__DUPLICATE_METHOD_MATCH = YES;
				COPY_PHASE_STRIP = NO;
				DEBUG_INFORMATION_FORMAT = dwarf;
				ENABLE_STRICT_OBJC_MSGSEND = YES;
				ENABLE_TESTABILITY = YES;
				GCC_C_LANGUAGE_STANDARD = gnu11;
				GCC_DYNAMIC_NO_PIC = NO;
				GCC_NO_COMMON_BLOCKS = YES;
				GCC_OPTIMIZATION_LEVEL = 0;
				GCC_PREPROCESSOR_DEFINITIONS = (
					"DEBUG=1",
					"$(inherited)",
				);
				GCC_WARN_64_TO_32_BIT_CONVERSION = YES;
				GCC_WARN_ABOUT_RETURN_TYPE = YES_ERROR;
				GCC_WARN_UNDECLARED_SELECTOR = YES;
				GCC_WARN_UNINITIALIZED_AUTOS = YES_AGGRESSIVE;
				GCC_WARN_UNUSED_FUNCTION = YES;
				GCC_WARN_UNUSED_VARIABLE = YES;
				IPHONEOS_DEPLOYMENT_TARGET = 14.4;
				MTL_ENABLE_DEBUG_INFO = INCLUDE_SOURCE;
				MTL_FAST_MATH = YES;
				ONLY_ACTIVE_ARCH = YES;
				SDKROOT = iphoneos;
				SWIFT_ACTIVE_COMPILATION_CONDITIONS = DEBUG;
				SWIFT_OPTIMIZATION_LEVEL = "-Onone";
			};
			name = Debug;
		};
		3E672BA3260099DB00A42219 /* Release */ = {
			isa = XCBuildConfiguration;
			buildSettings = {
				ALWAYS_SEARCH_USER_PATHS = NO;
				CLANG_ANALYZER_NONNULL = YES;
				CLANG_ANALYZER_NUMBER_OBJECT_CONVERSION = YES_AGGRESSIVE;
				CLANG_CXX_LANGUAGE_STANDARD = "gnu++14";
				CLANG_CXX_LIBRARY = "libc++";
				CLANG_ENABLE_MODULES = YES;
				CLANG_ENABLE_OBJC_ARC = YES;
				CLANG_ENABLE_OBJC_WEAK = YES;
				CLANG_WARN_BLOCK_CAPTURE_AUTORELEASING = YES;
				CLANG_WARN_BOOL_CONVERSION = YES;
				CLANG_WARN_COMMA = YES;
				CLANG_WARN_CONSTANT_CONVERSION = YES;
				CLANG_WARN_DEPRECATED_OBJC_IMPLEMENTATIONS = YES;
				CLANG_WARN_DIRECT_OBJC_ISA_USAGE = YES_ERROR;
				CLANG_WARN_DOCUMENTATION_COMMENTS = YES;
				CLANG_WARN_EMPTY_BODY = YES;
				CLANG_WARN_ENUM_CONVERSION = YES;
				CLANG_WARN_INFINITE_RECURSION = YES;
				CLANG_WARN_INT_CONVERSION = YES;
				CLANG_WARN_NON_LITERAL_NULL_CONVERSION = YES;
				CLANG_WARN_OBJC_IMPLICIT_RETAIN_SELF = YES;
				CLANG_WARN_OBJC_LITERAL_CONVERSION = YES;
				CLANG_WARN_OBJC_ROOT_CLASS = YES_ERROR;
				CLANG_WARN_QUOTED_INCLUDE_IN_FRAMEWORK_HEADER = YES;
				CLANG_WARN_RANGE_LOOP_ANALYSIS = YES;
				CLANG_WARN_STRICT_PROTOTYPES = YES;
				CLANG_WARN_SUSPICIOUS_MOVE = YES;
				CLANG_WARN_UNGUARDED_AVAILABILITY = YES_AGGRESSIVE;
				CLANG_WARN_UNREACHABLE_CODE = YES;
				CLANG_WARN__DUPLICATE_METHOD_MATCH = YES;
				COPY_PHASE_STRIP = NO;
				DEBUG_INFORMATION_FORMAT = "dwarf-with-dsym";
				ENABLE_NS_ASSERTIONS = NO;
				ENABLE_STRICT_OBJC_MSGSEND = YES;
				GCC_C_LANGUAGE_STANDARD = gnu11;
				GCC_NO_COMMON_BLOCKS = YES;
				GCC_WARN_64_TO_32_BIT_CONVERSION = YES;
				GCC_WARN_ABOUT_RETURN_TYPE = YES_ERROR;
				GCC_WARN_UNDECLARED_SELECTOR = YES;
				GCC_WARN_UNINITIALIZED_AUTOS = YES_AGGRESSIVE;
				GCC_WARN_UNUSED_FUNCTION = YES;
				GCC_WARN_UNUSED_VARIABLE = YES;
				IPHONEOS_DEPLOYMENT_TARGET = 14.4;
				MTL_ENABLE_DEBUG_INFO = NO;
				MTL_FAST_MATH = YES;
				SDKROOT = iphoneos;
				SWIFT_COMPILATION_MODE = wholemodule;
				SWIFT_OPTIMIZATION_LEVEL = "-O";
				VALIDATE_PRODUCT = YES;
			};
			name = Release;
		};
		3E672BA5260099DB00A42219 /* Debug */ = {
			isa = XCBuildConfiguration;
			buildSettings = {
				ASSETCATALOG_COMPILER_APPICON_NAME = AppIcon;
				ASSETCATALOG_COMPILER_GLOBAL_ACCENT_COLOR_NAME = AccentColor;
				CODE_SIGN_ENTITLEMENTS = "Hacker News/Hacker News.entitlements";
				CODE_SIGN_STYLE = Automatic;
				DEVELOPMENT_ASSET_PATHS = "\"Hacker News/Preview Content\"";
				DEVELOPMENT_TEAM = 4349JC4AHG;
				ENABLE_PREVIEWS = YES;
				INFOPLIST_FILE = "Hacker News/Info.plist";
				IPHONEOS_DEPLOYMENT_TARGET = 14.1;
				LD_RUNPATH_SEARCH_PATHS = (
					"$(inherited)",
					"@executable_path/Frameworks",
				);
				PRODUCT_BUNDLE_IDENTIFIER = "com.imethansmith.Hacker-News";
				PRODUCT_NAME = "$(TARGET_NAME)";
				SUPPORTS_MACCATALYST = YES;
				SWIFT_VERSION = 5.0;
				TARGETED_DEVICE_FAMILY = "1,2";
			};
			name = Debug;
		};
		3E672BA6260099DB00A42219 /* Release */ = {
			isa = XCBuildConfiguration;
			buildSettings = {
				ASSETCATALOG_COMPILER_APPICON_NAME = AppIcon;
				ASSETCATALOG_COMPILER_GLOBAL_ACCENT_COLOR_NAME = AccentColor;
				CODE_SIGN_ENTITLEMENTS = "Hacker News/Hacker News.entitlements";
				CODE_SIGN_STYLE = Automatic;
				DEVELOPMENT_ASSET_PATHS = "\"Hacker News/Preview Content\"";
				DEVELOPMENT_TEAM = 4349JC4AHG;
				ENABLE_PREVIEWS = YES;
				INFOPLIST_FILE = "Hacker News/Info.plist";
				IPHONEOS_DEPLOYMENT_TARGET = 14.1;
				LD_RUNPATH_SEARCH_PATHS = (
					"$(inherited)",
					"@executable_path/Frameworks",
				);
				PRODUCT_BUNDLE_IDENTIFIER = "com.imethansmith.Hacker-News";
				PRODUCT_NAME = "$(TARGET_NAME)";
				SUPPORTS_MACCATALYST = YES;
				SWIFT_VERSION = 5.0;
				TARGETED_DEVICE_FAMILY = "1,2";
			};
			name = Release;
		};
		3E672BA8260099DB00A42219 /* Debug */ = {
			isa = XCBuildConfiguration;
			buildSettings = {
				ALWAYS_EMBED_SWIFT_STANDARD_LIBRARIES = YES;
				BUNDLE_LOADER = "$(TEST_HOST)";
				CODE_SIGN_STYLE = Automatic;
				DEVELOPMENT_TEAM = 4349JC4AHG;
				INFOPLIST_FILE = "Hacker NewsTests/Info.plist";
				IPHONEOS_DEPLOYMENT_TARGET = 14.0;
				LD_RUNPATH_SEARCH_PATHS = (
					"$(inherited)",
					"@executable_path/Frameworks",
					"@loader_path/Frameworks",
				);
				PRODUCT_BUNDLE_IDENTIFIER = "com.imethansmith.Hacker-NewsTests";
				PRODUCT_NAME = "$(TARGET_NAME)";
				SWIFT_VERSION = 5.0;
				TARGETED_DEVICE_FAMILY = "1,2";
				TEST_HOST = "$(BUILT_PRODUCTS_DIR)/Hacker News.app/Hacker News";
			};
			name = Debug;
		};
		3E672BA9260099DB00A42219 /* Release */ = {
			isa = XCBuildConfiguration;
			buildSettings = {
				ALWAYS_EMBED_SWIFT_STANDARD_LIBRARIES = YES;
				BUNDLE_LOADER = "$(TEST_HOST)";
				CODE_SIGN_STYLE = Automatic;
				DEVELOPMENT_TEAM = 4349JC4AHG;
				INFOPLIST_FILE = "Hacker NewsTests/Info.plist";
				IPHONEOS_DEPLOYMENT_TARGET = 14.0;
				LD_RUNPATH_SEARCH_PATHS = (
					"$(inherited)",
					"@executable_path/Frameworks",
					"@loader_path/Frameworks",
				);
				PRODUCT_BUNDLE_IDENTIFIER = "com.imethansmith.Hacker-NewsTests";
				PRODUCT_NAME = "$(TARGET_NAME)";
				SWIFT_VERSION = 5.0;
				TARGETED_DEVICE_FAMILY = "1,2";
				TEST_HOST = "$(BUILT_PRODUCTS_DIR)/Hacker News.app/Hacker News";
			};
			name = Release;
		};
		3E672BAB260099DB00A42219 /* Debug */ = {
			isa = XCBuildConfiguration;
			buildSettings = {
				ALWAYS_EMBED_SWIFT_STANDARD_LIBRARIES = YES;
				CODE_SIGN_STYLE = Automatic;
				DEVELOPMENT_TEAM = 4349JC4AHG;
				INFOPLIST_FILE = "Hacker NewsUITests/Info.plist";
				LD_RUNPATH_SEARCH_PATHS = (
					"$(inherited)",
					"@executable_path/Frameworks",
					"@loader_path/Frameworks",
				);
				PRODUCT_BUNDLE_IDENTIFIER = "com.imethansmith.Hacker-NewsUITests";
				PRODUCT_NAME = "$(TARGET_NAME)";
				SWIFT_VERSION = 5.0;
				TARGETED_DEVICE_FAMILY = "1,2";
				TEST_TARGET_NAME = "Hacker News";
			};
			name = Debug;
		};
		3E672BAC260099DB00A42219 /* Release */ = {
			isa = XCBuildConfiguration;
			buildSettings = {
				ALWAYS_EMBED_SWIFT_STANDARD_LIBRARIES = YES;
				CODE_SIGN_STYLE = Automatic;
				DEVELOPMENT_TEAM = 4349JC4AHG;
				INFOPLIST_FILE = "Hacker NewsUITests/Info.plist";
				LD_RUNPATH_SEARCH_PATHS = (
					"$(inherited)",
					"@executable_path/Frameworks",
					"@loader_path/Frameworks",
				);
				PRODUCT_BUNDLE_IDENTIFIER = "com.imethansmith.Hacker-NewsUITests";
				PRODUCT_NAME = "$(TARGET_NAME)";
				SWIFT_VERSION = 5.0;
				TARGETED_DEVICE_FAMILY = "1,2";
				TEST_TARGET_NAME = "Hacker News";
			};
			name = Release;
		};
/* End XCBuildConfiguration section */

/* Begin XCConfigurationList section */
		3E672B7A260099D700A42219 /* Build configuration list for PBXProject "Hacker News" */ = {
			isa = XCConfigurationList;
			buildConfigurations = (
				3E672BA2260099DB00A42219 /* Debug */,
				3E672BA3260099DB00A42219 /* Release */,
			);
			defaultConfigurationIsVisible = 0;
			defaultConfigurationName = Release;
		};
		3E672BA4260099DB00A42219 /* Build configuration list for PBXNativeTarget "Hacker News" */ = {
			isa = XCConfigurationList;
			buildConfigurations = (
				3E672BA5260099DB00A42219 /* Debug */,
				3E672BA6260099DB00A42219 /* Release */,
			);
			defaultConfigurationIsVisible = 0;
			defaultConfigurationName = Release;
		};
		3E672BA7260099DB00A42219 /* Build configuration list for PBXNativeTarget "Hacker NewsTests" */ = {
			isa = XCConfigurationList;
			buildConfigurations = (
				3E672BA8260099DB00A42219 /* Debug */,
				3E672BA9260099DB00A42219 /* Release */,
			);
			defaultConfigurationIsVisible = 0;
			defaultConfigurationName = Release;
		};
		3E672BAA260099DB00A42219 /* Build configuration list for PBXNativeTarget "Hacker NewsUITests" */ = {
			isa = XCConfigurationList;
			buildConfigurations = (
				3E672BAB260099DB00A42219 /* Debug */,
				3E672BAC260099DB00A42219 /* Release */,
			);
			defaultConfigurationIsVisible = 0;
			defaultConfigurationName = Release;
		};
/* End XCConfigurationList section */
	};
	rootObject = 3E672B77260099D700A42219 /* Project object */;
}
